
Microsoft Visual Studio Solution File, Format Version 12.00
# Visual Studio 14
VisualStudioVersion = 14.0.25420.1
MinimumVisualStudioVersion = 10.0.40219.1
Project("{FAE04EC0-301F-11D3-BF4B-00C04F79EFBC}") = "ImportDataConsole", "ImportDataConsole\ImportDataConsole.csproj", "{2EB009D6-C0AB-48F4-8ECA-0424B20C5D3B}"
EndProject
Global
	GlobalSection(SolutionConfigurationPlatforms) = preSolution
		Debug|Any CPU = Debug|Any CPU
		Release|Any CPU = Release|Any CPU
	EndGlobalSection
	GlobalSection(ProjectConfigurationPlatforms) = postSolution
		{2EB009D6-C0AB-48F4-8ECA-0424B20C5D3B}.Debug|Any CPU.ActiveCfg = Debug|Any CPU
		{2EB009D6-C0AB-48F4-8ECA-0424B20C5D3B}.Debug|Any CPU.Build.0 = Debug|Any CPU
		{2EB009D6-C0AB-48F4-8ECA-0424B20C5D3B}.Release|Any CPU.ActiveCfg = Release|Any CPU
		{2EB009D6-C0AB-48F4-8ECA-0424B20C5D3B}.Release|Any CPU.Build.0 = Release|Any CPU
	EndGlobalSection
	GlobalSection(SolutionProperties) = preSolution
		HideSolutionNode = FALSE
	EndGlobalSection
EndGlobal
